
Microsoft Visual Studio Solution File, Format Version 12.00
# Visual Studio Version 16
VisualStudioVersion = 16.0.30011.22
MinimumVisualStudioVersion = 10.0.40219.1
Project("{FAE04EC0-301F-11D3-BF4B-00C04F79EFBC}") = "Gst_bill2", "Gst_bill2\Gst_bill2.csproj", "{B298F7BD-3F96-45F8-8F7E-95C1FBED7D2A}"
EndProject
Global
	GlobalSection(SolutionConfigurationPlatforms) = preSolution
		Debug|Any CPU = Debug|Any CPU
		Release|Any CPU = Release|Any CPU
	EndGlobalSection
	GlobalSection(ProjectConfigurationPlatforms) = postSolution
		{B298F7BD-3F96-45F8-8F7E-95C1FBED7D2A}.Debug|Any CPU.ActiveCfg = Debug|Any CPU
		{B298F7BD-3F96-45F8-8F7E-95C1FBED7D2A}.Debug|Any CPU.Build.0 = Debug|Any CPU
		{B298F7BD-3F96-45F8-8F7E-95C1FBED7D2A}.Release|Any CPU.ActiveCfg = Release|Any CPU
		{B298F7BD-3F96-45F8-8F7E-95C1FBED7D2A}.Release|Any CPU.Build.0 = Release|Any CPU
	EndGlobalSection
	GlobalSection(SolutionProperties) = preSolution
		HideSolutionNode = FALSE
	EndGlobalSection
	GlobalSection(ExtensibilityGlobals) = postSolution
		SolutionGuid = {10219DC1-503D-4973-A2A7-64FC84760D54}
	EndGlobalSection
EndGlobal
